{
  "name": "landing-page",
  "version": "1.0.0",
  "lockfileVersion": 3,
  "requires": true,
  "packages": {
    "": {
      "name": "landing-page",
      "version": "1.0.0",
      "license": "ISC",
      "dependencies": {
        "@firebasegen/default-connector": "file:dataconnect-generated/js/default-connector",
        "nodemailer": "^6.10.0"
      }
    },
    "dataconnect-generated/js/default-connector": {},
    "node_modules/@firebasegen/default-connector": {
      "resolved": "dataconnect-generated/js/default-connector",
      "link": true
    },
    "node_modules/nodemailer": {
      "version": "6.10.1",
      "resolved": "https://registry.npmjs.org/nodemailer/-/nodemailer-6.10.1.tgz",
      "integrity": "sha512-Z+iLaBGVaSjbIzQ4pX6XV41HrooLsQ10ZWPUehGmuantvzWoDVBnmsdUcOIDM1t+yPor5pDhVlDESgOMEGxhHA==",
      "engines": {
        "node": ">=6.0.0"
      }
    }
  }
}
